
Microsoft Visual Studio Solution File, Format Version 12.00
# Visual Studio Version 17
VisualStudioVersion = 17.1.32319.34
MinimumVisualStudioVersion = 10.0.40219.1
Project("{FAE04EC0-301F-11D3-BF4B-00C04F79EFBC}") = "Xslt", "Xslt\Xslt.csproj", "{302858E9-3E43-4622-B9F6-818C8CD5F384}"
EndProject
Global
	GlobalSection(SolutionConfigurationPlatforms) = preSolution
		Debug|Any CPU = Debug|Any CPU
		Release|Any CPU = Release|Any CPU
	EndGlobalSection
	GlobalSection(ProjectConfigurationPlatforms) = postSolution
		{302858E9-3E43-4622-B9F6-818C8CD5F384}.Debug|Any CPU.ActiveCfg = Debug|Any CPU
		{302858E9-3E43-4622-B9F6-818C8CD5F384}.Debug|Any CPU.Build.0 = Debug|Any CPU
		{302858E9-3E43-4622-B9F6-818C8CD5F384}.Release|Any CPU.ActiveCfg = Release|Any CPU
		{302858E9-3E43-4622-B9F6-818C8CD5F384}.Release|Any CPU.Build.0 = Release|Any CPU
	EndGlobalSection
	GlobalSection(SolutionProperties) = preSolution
		HideSolutionNode = FALSE
	EndGlobalSection
	GlobalSection(ExtensibilityGlobals) = postSolution
		SolutionGuid = {2B3483A3-7B52-4091-9CE7-6D1D89A7DD15}
	EndGlobalSection
EndGlobal
